// !$*UTF8*$!
{
	archiveVersion = 1;
	classes = {
	};
	objectVersion = 46;
	objects = {

/* Begin PBXBuildFile section */
		49F2CD7020F686700007877B /* AppDelegate.swift in Sources */ = {isa = PBXBuildFile; fileRef = 49F2CD6F20F686700007877B /* AppDelegate.swift */; };
		49F2CD7220F686700007877B /* ViewController.swift in Sources */ = {isa = PBXBuildFile; fileRef = 49F2CD7120F686700007877B /* ViewController.swift */; };
		49F2CD7520F686700007877B /* Main.storyboard in Resources */ = {isa = PBXBuildFile; fileRef = 49F2CD7320F686700007877B /* Main.storyboard */; };
		49F2CD7820F686700007877B /* NotesApp.xcdatamodeld in Sources */ = {isa = PBXBuildFile; fileRef = 49F2CD7620F686700007877B /* NotesApp.xcdatamodeld */; };
		49F2CD7A20F686700007877B /* Assets.xcassets in Resources */ = {isa = PBXBuildFile; fileRef = 49F2CD7920F686700007877B /* Assets.xcassets */; };
		49F2CD7D20F686700007877B /* LaunchScreen.storyboard in Resources */ = {isa = PBXBuildFile; fileRef = 49F2CD7B20F686700007877B /* LaunchScreen.storyboard */; };
		49F2CD8820F686700007877B /* NotesAppTests.swift in Sources */ = {isa = PBXBuildFile; fileRef = 49F2CD8720F686700007877B /* NotesAppTests.swift */; };
		49F2CD9320F686700007877B /* NotesAppUITests.swift in Sources */ = {isa = PBXBuildFile; fileRef = 49F2CD9220F686700007877B /* NotesAppUITests.swift */; };
/* End PBXBuildFile section */

/* Begin PBXContainerItemProxy section */
		49F2CD8420F686700007877B /* PBXContainerItemProxy */ = {
			isa = PBXContainerItemProxy;
			containerPortal = 49F2CD6420F686700007877B /* Project object */;
			proxyType = 1;
			remoteGlobalIDString = 49F2CD6B20F686700007877B;
			remoteInfo = NotesApp;
		};
		49F2CD8F20F686700007877B /* PBXContainerItemProxy */ = {
			isa = PBXContainerItemProxy;
			containerPortal = 49F2CD6420F686700007877B /* Project object */;
			proxyType = 1;
			remoteGlobalIDString = 49F2CD6B20F686700007877B;
			remoteInfo = NotesApp;
		};
/* End PBXContainerItemProxy section */

/* Begin PBXFileReference section */
		49F2CD6C20F686700007877B /* NotesApp.app */ = {isa = PBXFileReference; explicitFileType = wrapper.application; includeInIndex = 0; path = NotesApp.app; sourceTree = BUILT_PRODUCTS_DIR; };
		49F2CD6F20F686700007877B /* AppDelegate.swift */ = {isa = PBXFileReference; lastKnownFileType = sourcecode.swift; path = AppDelegate.swift; sourceTree = "<group>"; };
		49F2CD7120F686700007877B /* ViewController.swift */ = {isa = PBXFileReference; lastKnownFileType = sourcecode.swift; path = ViewController.swift; sourceTree = "<group>"; };
		49F2CD7420F686700007877B /* Base */ = {isa = PBXFileReference; lastKnownFileType = file.storyboard; name = Base; path = Base.lproj/Main.storyboard; sourceTree = "<group>"; };
		49F2CD7720F686700007877B /* NotesApp.xcdatamodel */ = {isa = PBXFileReference; lastKnownFileType = wrapper.xcdatamodel; path = NotesApp.xcdatamodel; sourceTree = "<group>"; };
		49F2CD7920F686700007877B /* Assets.xcassets */ = {isa = PBXFileReference; lastKnownFileType = folder.assetcatalog; path = Assets.xcassets; sourceTree = "<group>"; };
		49F2CD7C20F686700007877B /* Base */ = {isa = PBXFileReference; lastKnownFileType = file.storyboard; name = Base; path = Base.lproj/LaunchScreen.storyboard; sourceTree = "<group>"; };
		49F2CD7E20F686700007877B /* Info.plist */ = {isa = PBXFileReference; lastKnownFileType = text.plist.xml; path = Info.plist; sourceTree = "<group>"; };
		49F2CD8320F686700007877B /* NotesAppTests.xctest */ = {isa = PBXFileReference; explicitFileType = wrapper.cfbundle; includeInIndex = 0; path = NotesAppTests.xctest; sourceTree = BUILT_PRODUCTS_DIR; };
		49F2CD8720F686700007877B /* NotesAppTests.swift */ = {isa = PBXFileReference; lastKnownFileType = sourcecode.swift; path = NotesAppTests.swift; sourceTree = "<group>"; };
		49F2CD8920F686700007877B /* Info.plist */ = {isa = PBXFileReference; lastKnownFileType = text.plist.xml; path = Info.plist; sourceTree = "<group>"; };
		49F2CD8E20F686700007877B /* NotesAppUITests.xctest */ = {isa = PBXFileReference; explicitFileType = wrapper.cfbundle; includeInIndex = 0; path = NotesAppUITests.xctest; sourceTree = BUILT_PRODUCTS_DIR; };
		49F2CD9220F686700007877B /* NotesAppUITests.swift */ = {isa = PBXFileReference; lastKnownFileType = sourcecode.swift; path = NotesAppUITests.swift; sourceTree = "<group>"; };
		49F2CD9420F686700007877B /* Info.plist */ = {isa = PBXFileReference; lastKnownFileType = text.plist.xml; path = Info.plist; sourceTree = "<group>"; };
/* End PBXFileReference section */

/* Begin PBXFrameworksBuildPhase section */
		49F2CD6920F686700007877B /* Frameworks */ = {
			isa = PBXFrameworksBuildPhase;
			buildActionMask = 2147483647;
			files = (
			);
			runOnlyForDeploymentPostprocessing = 0;
		};
		49F2CD8020F686700007877B /* Frameworks */ = {
			isa = PBXFrameworksBuildPhase;
			buildActionMask = 2147483647;
			files = (
			);
			runOnlyForDeploymentPostprocessing = 0;
		};
		49F2CD8B20F686700007877B /* Frameworks */ = {
			isa = PBXFrameworksBuildPhase;
			buildActionMask = 2147483647;
			files = (
			);
			runOnlyForDeploymentPostprocessing = 0;
		};
/* End PBXFrameworksBuildPhase section */

/* Begin PBXGroup section */
		49F2CD6320F686700007877B = {
			isa = PBXGroup;
			children = (
				49F2CD6E20F686700007877B /* NotesApp */,
				49F2CD8620F686700007877B /* NotesAppTests */,
				49F2CD9120F686700007877B /* NotesAppUITests */,
				49F2CD6D20F686700007877B /* Products */,
			);
			sourceTree = "<group>";
		};
		49F2CD6D20F686700007877B /* Products */ = {
			isa = PBXGroup;
			children = (
				49F2CD6C20F686700007877B /* NotesApp.app */,
				49F2CD8320F686700007877B /* NotesAppTests.xctest */,
				49F2CD8E20F686700007877B /* NotesAppUITests.xctest */,
			);
			name = Products;
			sourceTree = "<group>";
		};
		49F2CD6E20F686700007877B /* NotesApp */ = {
			isa = PBXGroup;
			children = (
				49F2CD6F20F686700007877B /* AppDelegate.swift */,
				49F2CD7120F686700007877B /* ViewController.swift */,
				49F2CD7320F686700007877B /* Main.storyboard */,
				49F2CD7920F686700007877B /* Assets.xcassets */,
				49F2CD7B20F686700007877B /* LaunchScreen.storyboard */,
				49F2CD7E20F686700007877B /* Info.plist */,
				49F2CD7620F686700007877B /* NotesApp.xcdatamodeld */,
			);
			path = NotesApp;
			sourceTree = "<group>";
		};
		49F2CD8620F686700007877B /* NotesAppTests */ = {
			isa = PBXGroup;
			children = (
				49F2CD8720F686700007877B /* NotesAppTests.swift */,
				49F2CD8920F686700007877B /* Info.plist */,
			);
			path = NotesAppTests;
			sourceTree = "<group>";
		};
		49F2CD9120F686700007877B /* NotesAppUITests */ = {
			isa = PBXGroup;
			children = (
				49F2CD9220F686700007877B /* NotesAppUITests.swift */,
				49F2CD9420F686700007877B /* Info.plist */,
			);
			path = NotesAppUITests;
			sourceTree = "<group>";
		};
/* End PBXGroup section */

/* Begin PBXNativeTarget section */
		49F2CD6B20F686700007877B /* NotesApp */ = {
			isa = PBXNativeTarget;
			buildConfigurationList = 49F2CD9720F686700007877B /* Build configuration list for PBXNativeTarget "NotesApp" */;
			buildPhases = (
				49F2CD6820F686700007877B /* Sources */,
				49F2CD6920F686700007877B /* Frameworks */,
				49F2CD6A20F686700007877B /* Resources */,
			);
			buildRules = (
			);
			dependencies = (
			);
			name = NotesApp;
			productName = NotesApp;
			productReference = 49F2CD6C20F686700007877B /* NotesApp.app */;
			productType = "com.apple.product-type.application";
		};
		49F2CD8220F686700007877B /* NotesAppTests */ = {
			isa = PBXNativeTarget;
			buildConfigurationList = 49F2CD9A20F686700007877B /* Build configuration list for PBXNativeTarget "NotesAppTests" */;
			buildPhases = (
				49F2CD7F20F686700007877B /* Sources */,
				49F2CD8020F686700007877B /* Frameworks */,
				49F2CD8120F686700007877B /* Resources */,
			);
			buildRules = (
			);
			dependencies = (
				49F2CD8520F686700007877B /* PBXTargetDependency */,
			);
			name = NotesAppTests;
			productName = NotesAppTests;
			productReference = 49F2CD8320F686700007877B /* NotesAppTests.xctest */;
			productType = "com.apple.product-type.bundle.unit-test";
		};
		49F2CD8D20F686700007877B /* NotesAppUITests */ = {
			isa = PBXNativeTarget;
			buildConfigurationList = 49F2CD9D20F686700007877B /* Build configuration list for PBXNativeTarget "NotesAppUITests" */;
			buildPhases = (
				49F2CD8A20F686700007877B /* Sources */,
				49F2CD8B20F686700007877B /* Frameworks */,
				49F2CD8C20F686700007877B /* Resources */,
			);
			buildRules = (
			);
			dependencies = (
				49F2CD9020F686700007877B /* PBXTargetDependency */,
			);
			name = NotesAppUITests;
			productName = NotesAppUITests;
			productReference = 49F2CD8E20F686700007877B /* NotesAppUITests.xctest */;
			productType = "com.apple.product-type.bundle.ui-testing";
		};
/* End PBXNativeTarget section */

/* Begin PBXProject section */
		49F2CD6420F686700007877B /* Project object */ = {
			isa = PBXProject;
			attributes = {
				LastSwiftUpdateCheck = 0830;
				LastUpgradeCheck = 0830;
				ORGANIZATIONNAME = "Salwa Hegazy";
				TargetAttributes = {
					49F2CD6B20F686700007877B = {
						CreatedOnToolsVersion = 8.3.3;
						ProvisioningStyle = Automatic;
					};
					49F2CD8220F686700007877B = {
						CreatedOnToolsVersion = 8.3.3;
						ProvisioningStyle = Automatic;
						TestTargetID = 49F2CD6B20F686700007877B;
					};
					49F2CD8D20F686700007877B = {
						CreatedOnToolsVersion = 8.3.3;
						ProvisioningStyle = Automatic;
						TestTargetID = 49F2CD6B20F686700007877B;
					};
				};
			};
			buildConfigurationList = 49F2CD6720F686700007877B /* Build configuration list for PBXProject "NotesApp" */;
			compatibilityVersion = "Xcode 3.2";
			developmentRegion = English;
			hasScannedForEncodings = 0;
			knownRegions = (
				en,
				Base,
			);
			mainGroup = 49F2CD6320F686700007877B;
			productRefGroup = 49F2CD6D20F686700007877B /* Products */;
			projectDirPath = "";
			projectRoot = "";
			targets = (
				49F2CD6B20F686700007877B /* NotesApp */,
				49F2CD8220F686700007877B /* NotesAppTests */,
				49F2CD8D20F686700007877B /* NotesAppUITests */,
			);
		};
/* End PBXProject section */

/* Begin PBXResourcesBuildPhase section */
		49F2CD6A20F686700007877B /* Resources */ = {
			isa = PBXResourcesBuildPhase;
			buildActionMask = 2147483647;
			files = (
				49F2CD7D20F686700007877B /* LaunchScreen.storyboard in Resources */,
				49F2CD7A20F686700007877B /* Assets.xcassets in Resources */,
				49F2CD7520F686700007877B /* Main.storyboard in Resources */,
			);
			runOnlyForDeploymentPostprocessing = 0;
		};
		49F2CD8120F686700007877B /* Resources */ = {
			isa = PBXResourcesBuildPhase;
			buildActionMask = 2147483647;
			files = (
			);
			runOnlyForDeploymentPostprocessing = 0;
		};
		49F2CD8C20F686700007877B /* Resources */ = {
			isa = PBXResourcesBuildPhase;
			buildActionMask = 2147483647;
			files = (
			);
			runOnlyForDeploymentPostprocessing = 0;
		};
/* End PBXResourcesBuildPhase section */

/* Begin PBXSourcesBuildPhase section */
		49F2CD6820F686700007877B /* Sources */ = {
			isa = PBXSourcesBuildPhase;
			buildActionMask = 2147483647;
			files = (
				49F2CD7820F686700007877B /* NotesApp.xcdatamodeld in Sources */,
				49F2CD7220F686700007877B /* ViewController.swift in Sources */,
				49F2CD7020F686700007877B /* AppDelegate.swift in Sources */,
			);
			runOnlyForDeploymentPostprocessing = 0;
		};
		49F2CD7F20F686700007877B /* Sources */ = {
			isa = PBXSourcesBuildPhase;
			buildActionMask = 2147483647;
			files = (
				49F2CD8820F686700007877B /* NotesAppTests.swift in Sources */,
			);
			runOnlyForDeploymentPostprocessing = 0;
		};
		49F2CD8A20F686700007877B /* Sources */ = {
			isa = PBXSourcesBuildPhase;
			buildActionMask = 2147483647;
			files = (
				49F2CD9320F686700007877B /* NotesAppUITests.swift in Sources */,
			);
			runOnlyForDeploymentPostprocessing = 0;
		};
/* End PBXSourcesBuildPhase section */

/* Begin PBXTargetDependency section */
		49F2CD8520F686700007877B /* PBXTargetDependency */ = {
			isa = PBXTargetDependency;
			target = 49F2CD6B20F686700007877B /* NotesApp */;
			targetProxy = 49F2CD8420F686700007877B /* PBXContainerItemProxy */;
		};
		49F2CD9020F686700007877B /* PBXTargetDependency */ = {
			isa = PBXTargetDependency;
			target = 49F2CD6B20F686700007877B /* NotesApp */;
			targetProxy = 49F2CD8F20F686700007877B /* PBXContainerItemProxy */;
		};
/* End PBXTargetDependency section */

/* Begin PBXVariantGroup section */
		49F2CD7320F686700007877B /* Main.storyboard */ = {
			isa = PBXVariantGroup;
			children = (
				49F2CD7420F686700007877B /* Base */,
			);
			name = Main.storyboard;
			sourceTree = "<group>";
		};
		49F2CD7B20F686700007877B /* LaunchScreen.storyboard */ = {
			isa = PBXVariantGroup;
			children = (
				49F2CD7C20F686700007877B /* Base */,
			);
			name = LaunchScreen.storyboard;
			sourceTree = "<group>";
		};
/* End PBXVariantGroup section */

/* Begin XCBuildConfiguration section */
		49F2CD9520F686700007877B /* Debug */ = {
			isa = XCBuildConfiguration;
			buildSettings = {
				ALWAYS_SEARCH_USER_PATHS = NO;
				CLANG_ANALYZER_NONNULL = YES;
				CLANG_ANALYZER_NUMBER_OBJECT_CONVERSION = YES_AGGRESSIVE;
				CLANG_CXX_LANGUAGE_STANDARD = "gnu++0x";
				CLANG_CXX_LIBRARY = "libc++";
				CLANG_ENABLE_MODULES = YES;
				CLANG_ENABLE_OBJC_ARC = YES;
				CLANG_WARN_BOOL_CONVERSION = YES;
				CLANG_WARN_CONSTANT_CONVERSION = YES;
				CLANG_WARN_DIRECT_OBJC_ISA_USAGE = YES_ERROR;
				CLANG_WARN_DOCUMENTATION_COMMENTS = YES;
				CLANG_WARN_EMPTY_BODY = YES;
				CLANG_WARN_ENUM_CONVERSION = YES;
				CLANG_WARN_INFINITE_RECURSION = YES;
				CLANG_WARN_INT_CONVERSION = YES;
				CLANG_WARN_OBJC_ROOT_CLASS = YES_ERROR;
				CLANG_WARN_SUSPICIOUS_MOVE = YES;
				CLANG_WARN_UNREACHABLE_CODE = YES;
				CLANG_WARN__DUPLICATE_METHOD_MATCH = YES;
				"CODE_SIGN_IDENTITY[sdk=iphoneos*]" = "iPhone Developer";
				COPY_PHASE_STRIP = NO;
				DEBUG_INFORMATION_FORMAT = dwarf;
				ENABLE_STRICT_OBJC_MSGSEND = YES;
				ENABLE_TESTABILITY = YES;
				GCC_C_LANGUAGE_STANDARD = gnu99;
				GCC_DYNAMIC_NO_PIC = NO;
				GCC_NO_COMMON_BLOCKS = YES;
				GCC_OPTIMIZATION_LEVEL = 0;
				GCC_PREPROCESSOR_DEFINITIONS = (
					"DEBUG=1",
					"$(inherited)",
				);
				GCC_WARN_64_TO_32_BIT_CONVERSION = YES;
				GCC_WARN_ABOUT_RETURN_TYPE = YES_ERROR;
				GCC_WARN_UNDECLARED_SELECTOR = YES;
				GCC_WARN_UNINITIALIZED_AUTOS = YES_AGGRESSIVE;
				GCC_WARN_UNUSED_FUNCTION = YES;
				GCC_WARN_UNUSED_VARIABLE = YES;
				IPHONEOS_DEPLOYMENT_TARGET = 10.3;
				MTL_ENABLE_DEBUG_INFO = YES;
				ONLY_ACTIVE_ARCH = YES;
				SDKROOT = iphoneos;
				SWIFT_ACTIVE_COMPILATION_CONDITIONS = DEBUG;
				SWIFT_OPTIMIZATION_LEVEL = "-Onone";
				TARGETED_DEVICE_FAMILY = "1,2";
			};
			name = Debug;
		};
		49F2CD9620F686700007877B /* Release */ = {
			isa = XCBuildConfiguration;
			buildSettings = {
				ALWAYS_SEARCH_USER_PATHS = NO;
				CLANG_ANALYZER_NONNULL = YES;
				CLANG_ANALYZER_NUMBER_OBJECT_CONVERSION = YES_AGGRESSIVE;
				CLANG_CXX_LANGUAGE_STANDARD = "gnu++0x";
				CLANG_CXX_LIBRARY = "libc++";
				CLANG_ENABLE_MODULES = YES;
				CLANG_ENABLE_OBJC_ARC = YES;
				CLANG_WARN_BOOL_CONVERSION = YES;
				CLANG_WARN_CONSTANT_CONVERSION = YES;
				CLANG_WARN_DIRECT_OBJC_ISA_USAGE = YES_ERROR;
				CLANG_WARN_DOCUMENTATION_COMMENTS = YES;
				CLANG_WARN_EMPTY_BODY = YES;
				CLANG_WARN_ENUM_CONVERSION = YES;
				CLANG_WARN_INFINITE_RECURSION = YES;
				CLANG_WARN_INT_CONVERSION = YES;
				CLANG_WARN_OBJC_ROOT_CLASS = YES_ERROR;
				CLANG_WARN_SUSPICIOUS_MOVE = YES;
				CLANG_WARN_UNREACHABLE_CODE = YES;
				CLANG_WARN__DUPLICATE_METHOD_MATCH = YES;
				"CODE_SIGN_IDENTITY[sdk=iphoneos*]" = "iPhone Developer";
				COPY_PHASE_STRIP = NO;
				DEBUG_INFORMATION_FORMAT = "dwarf-with-dsym";
				ENABLE_NS_ASSERTIONS = NO;
				ENABLE_STRICT_OBJC_MSGSEND = YES;
				GCC_C_LANGUAGE_STANDARD = gnu99;
				GCC_NO_COMMON_BLOCKS = YES;
				GCC_WARN_64_TO_32_BIT_CONVERSION = YES;
				GCC_WARN_ABOUT_RETURN_TYPE = YES_ERROR;
				GCC_WARN_UNDECLARED_SELECTOR = YES;
				GCC_WARN_UNINITIALIZED_AUTOS = YES_AGGRESSIVE;
				GCC_WARN_UNUSED_FUNCTION = YES;
				GCC_WARN_UNUSED_VARIABLE = YES;
				IPHONEOS_DEPLOYMENT_TARGET = 10.3;
				MTL_ENABLE_DEBUG_INFO = NO;
				SDKROOT = iphoneos;
				SWIFT_OPTIMIZATION_LEVEL = "-Owholemodule";
				TARGETED_DEVICE_FAMILY = "1,2";
				VALIDATE_PRODUCT = YES;
			};
			name = Release;
		};
		49F2CD9820F686700007877B /* Debug */ = {
			isa = XCBuildConfiguration;
			buildSettings = {
				ASSETCATALOG_COMPILER_APPICON_NAME = AppIcon;
				INFOPLIST_FILE = NotesApp/Info.plist;
				LD_RUNPATH_SEARCH_PATHS = "$(inherited) @executable_path/Frameworks";
				PRODUCT_BUNDLE_IDENTIFIER = com.SalwaHegazy.NotesApp;
				PRODUCT_NAME = "$(TARGET_NAME)";
				SWIFT_VERSION = 3.0;
			};
			name = Debug;
		};
		49F2CD9920F686700007877B /* Release */ = {
			isa = XCBuildConfiguration;
			buildSettings = {
				ASSETCATALOG_COMPILER_APPICON_NAME = AppIcon;
				INFOPLIST_FILE = NotesApp/Info.plist;
				LD_RUNPATH_SEARCH_PATHS = "$(inherited) @executable_path/Frameworks";
				PRODUCT_BUNDLE_IDENTIFIER = com.SalwaHegazy.NotesApp;
				PRODUCT_NAME = "$(TARGET_NAME)";
				SWIFT_VERSION = 3.0;
			};
			name = Release;
		};
		49F2CD9B20F686700007877B /* Debug */ = {
			isa = XCBuildConfiguration;
			buildSettings = {
				ALWAYS_EMBED_SWIFT_STANDARD_LIBRARIES = YES;
				BUNDLE_LOADER = "$(TEST_HOST)";
				INFOPLIST_FILE = NotesAppTests/Info.plist;
				LD_RUNPATH_SEARCH_PATHS = "$(inherited) @executable_path/Frameworks @loader_path/Frameworks";
				PRODUCT_BUNDLE_IDENTIFIER = com.SalwaHegazy.NotesAppTests;
				PRODUCT_NAME = "$(TARGET_NAME)";
				SWIFT_VERSION = 3.0;
				TEST_HOST = "$(BUILT_PRODUCTS_DIR)/NotesApp.app/NotesApp";
			};
			name = Debug;
		};
		49F2CD9C20F686700007877B /* Release */ = {
			isa = XCBuildConfiguration;
			buildSettings = {
				ALWAYS_EMBED_SWIFT_STANDARD_LIBRARIES = YES;
				BUNDLE_LOADER = "$(TEST_HOST)";
				INFOPLIST_FILE = NotesAppTests/Info.plist;
				LD_RUNPATH_SEARCH_PATHS = "$(inherited) @executable_path/Frameworks @loader_path/Frameworks";
				PRODUCT_BUNDLE_IDENTIFIER = com.SalwaHegazy.NotesAppTests;
				PRODUCT_NAME = "$(TARGET_NAME)";
				SWIFT_VERSION = 3.0;
				TEST_HOST = "$(BUILT_PRODUCTS_DIR)/NotesApp.app/NotesApp";
			};
			name = Release;
		};
		49F2CD9E20F686700007877B /* Debug */ = {
			isa = XCBuildConfiguration;
			buildSettings = {
				ALWAYS_EMBED_SWIFT_STANDARD_LIBRARIES = YES;
				INFOPLIST_FILE = NotesAppUITests/Info.plist;
				LD_RUNPATH_SEARCH_PATHS = "$(inherited) @executable_path/Frameworks @loader_path/Frameworks";
				PRODUCT_BUNDLE_IDENTIFIER = com.SalwaHegazy.NotesAppUITests;
				PRODUCT_NAME = "$(TARGET_NAME)";
				SWIFT_VERSION = 3.0;
				TEST_TARGET_NAME = NotesApp;
			};
			name = Debug;
		};
		49F2CD9F20F686700007877B /* Release */ = {
			isa = XCBuildConfiguration;
			buildSettings = {
				ALWAYS_EMBED_SWIFT_STANDARD_LIBRARIES = YES;
				INFOPLIST_FILE = NotesAppUITests/Info.plist;
				LD_RUNPATH_SEARCH_PATHS = "$(inherited) @executable_path/Frameworks @loader_path/Frameworks";
				PRODUCT_BUNDLE_IDENTIFIER = com.SalwaHegazy.NotesAppUITests;
				PRODUCT_NAME = "$(TARGET_NAME)";
				SWIFT_VERSION = 3.0;
				TEST_TARGET_NAME = NotesApp;
			};
			name = Release;
		};
/* End XCBuildConfiguration section */

/* Begin XCConfigurationList section */
		49F2CD6720F686700007877B /* Build configuration list for PBXProject "NotesApp" */ = {
			isa = XCConfigurationList;
			buildConfigurations = (
				49F2CD9520F686700007877B /* Debug */,
				49F2CD9620F686700007877B /* Release */,
			);
			defaultConfigurationIsVisible = 0;
			defaultConfigurationName = Release;
		};
		49F2CD9720F686700007877B /* Build configuration list for PBXNativeTarget "NotesApp" */ = {
			isa = XCConfigurationList;
			buildConfigurations = (
				49F2CD9820F686700007877B /* Debug */,
				49F2CD9920F686700007877B /* Release */,
			);
			defaultConfigurationIsVisible = 0;
		};
		49F2CD9A20F686700007877B /* Build configuration list for PBXNativeTarget "NotesAppTests" */ = {
			isa = XCConfigurationList;
			buildConfigurations = (
				49F2CD9B20F686700007877B /* Debug */,
				49F2CD9C20F686700007877B /* Release */,
			);
			defaultConfigurationIsVisible = 0;
		};
		49F2CD9D20F686700007877B /* Build configuration list for PBXNativeTarget "NotesAppUITests" */ = {
			isa = XCConfigurationList;
			buildConfigurations = (
				49F2CD9E20F686700007877B /* Debug */,
				49F2CD9F20F686700007877B /* Release */,
			);
			defaultConfigurationIsVisible = 0;
		};
/* End XCConfigurationList section */

/* Begin XCVersionGroup section */
		49F2CD7620F686700007877B /* NotesApp.xcdatamodeld */ = {
			isa = XCVersionGroup;
			children = (
				49F2CD7720F686700007877B /* NotesApp.xcdatamodel */,
			);
			currentVersion = 49F2CD7720F686700007877B /* NotesApp.xcdatamodel */;
			path = NotesApp.xcdatamodeld;
			sourceTree = "<group>";
			versionGroupType = wrapper.xcdatamodel;
		};
/* End XCVersionGroup section */
	};
	rootObject = 49F2CD6420F686700007877B /* Project object */;
}
